
Microsoft Visual Studio Solution File, Format Version 12.00
# Visual Studio Version 17
VisualStudioVersion = 17.8.34408.163
MinimumVisualStudioVersion = 10.0.40219.1
Project("{8BC9CEB8-8B4A-11D0-8D11-00A0C91BC942}") = "Game", "Game\Game.vcxproj", "{7428ECF2-6684-402F-B2EE-E86337478557}"
EndProject
Global
	GlobalSection(SolutionConfigurationPlatforms) = preSolution
		Debug|x64 = Debug|x64
		Debug|x86 = Debug|x86
		Release|x64 = Release|x64
		Release|x86 = Release|x86
	EndGlobalSection
	GlobalSection(ProjectConfigurationPlatforms) = postSolution
		{7428ECF2-6684-402F-B2EE-E86337478557}.Debug|x64.ActiveCfg = Debug|x64
		{7428ECF2-6684-402F-B2EE-E86337478557}.Debug|x64.Build.0 = Debug|x64
		{7428ECF2-6684-402F-B2EE-E86337478557}.Debug|x86.ActiveCfg = Debug|Win32
		{7428ECF2-6684-402F-B2EE-E86337478557}.Debug|x86.Build.0 = Debug|Win32
		{7428ECF2-6684-402F-B2EE-E86337478557}.Release|x64.ActiveCfg = Release|x64
		{7428ECF2-6684-402F-B2EE-E86337478557}.Release|x64.Build.0 = Release|x64
		{7428ECF2-6684-402F-B2EE-E86337478557}.Release|x86.ActiveCfg = Release|Win32
		{7428ECF2-6684-402F-B2EE-E86337478557}.Release|x86.Build.0 = Release|Win32
	EndGlobalSection
	GlobalSection(SolutionProperties) = preSolution
		HideSolutionNode = FALSE
	EndGlobalSection
	GlobalSection(ExtensibilityGlobals) = postSolution
		SolutionGuid = {31BDE765-9A85-4B49-870E-C37657BE37F1}
	EndGlobalSection
EndGlobal
