<?xml version="1.0" encoding="utf-8"?>
<Project ToolsVersion="4.0" xmlns="http://schemas.microsoft.com/developer/msbuild/2003">
  <ItemGroup>
    <Filter Include="ソース ファイル">
      <UniqueIdentifier>{4FC737F1-C7A5-4376-A066-2A32D752A2FF}</UniqueIdentifier>
      <Extensions>cpp;c;cc;cxx;def;odl;idl;hpj;bat;asm;asmx</Extensions>
    </Filter>
    <Filter Include="ヘッダー ファイル">
      <UniqueIdentifier>{93995380-89BD-4b04-88EB-625FBE52EBFB}</UniqueIdentifier>
      <Extensions>h;hh;hpp;hxx;hm;inl;inc;xsd</Extensions>
    </Filter>
    <Filter Include="リソース ファイル">
      <UniqueIdentifier>{67DA6AB6-F800-4c08-8B7A-83BB121AAD01}</UniqueIdentifier>
      <Extensions>rc;ico;cur;bmp;dlg;rc2;rct;bin;rgs;gif;jpg;jpeg;jpe;resx;tiff;tif;png;wav;mfcribbon-ms</Extensions>
    </Filter>
    <Filter Include="ソース ファイル\Lib">
      <UniqueIdentifier>{71337753-7d4e-4fb3-a565-77caf26ac0fb}</UniqueIdentifier>
    </Filter>
  </ItemGroup>
  <ItemGroup>
    <ClCompile Include="src\main.cpp">
      <Filter>ソース ファイル</Filter>
    </ClCompile>
    <ClCompile Include="src\CSound.cpp">
      <Filter>ソース ファイル\Lib</Filter>
    </ClCompile>
    <ClCompile Include="src\CTexture.cpp">
      <Filter>ソース ファイル\Lib</Filter>
    </ClCompile>
    <ClCompile Include="src\CRectangle.cpp">
      <Filter>ソース ファイル</Filter>
    </ClCompile>
    <ClCompile Include="src\CInput.cpp">
      <Filter>ソース ファイル</Filter>
    </ClCompile>
    <ClCompile Include="src\CApplication.cpp">
      <Filter>ソース ファイル</Filter>
    </ClCompile>
    <ClCompile Include="src\CCharacter.cpp">
      <Filter>ソース ファイル</Filter>
    </ClCompile>
    <ClCompile Include="src\CBullet.cpp">
      <Filter>ソース ファイル</Filter>
    </ClCompile>
    <ClCompile Include="src\CEnemy.cpp">
      <Filter>ソース ファイル</Filter>
    </ClCompile>
    <ClCompile Include="src\CPlayer.cpp">
      <Filter>ソース ファイル</Filter>
    </ClCompile>
    <ClCompile Include="src\CFont.cpp">
      <Filter>ソース ファイル</Filter>
    </ClCompile>
    <ClCompile Include="src\CCharacterManager.cpp">
      <Filter>ソース ファイル</Filter>
    </ClCompile>
    <ClCompile Include="src\CGame.cpp">
      <Filter>ソース ファイル</Filter>
    </ClCompile>
    <ClCompile Include="src\CBlock.cpp">
      <Filter>ソース ファイル</Filter>
    </ClCompile>
    <ClCompile Include="src\CPlayer2.cpp">
      <Filter>ソース ファイル</Filter>
    </ClCompile>
    <ClCompile Include="src\CEnemy2.cpp">
      <Filter>ソース ファイル</Filter>
    </ClCompile>
    <ClCompile Include="src\CPoint.cpp">
      <Filter>ソース ファイル</Filter>
    </ClCompile>
    <ClCompile Include="src\CUi.cpp">
      <Filter>ソース ファイル</Filter>
    </ClCompile>
    <ClCompile Include="src\CCamera.cpp">
      <Filter>ソース ファイル</Filter>
    </ClCompile>
  </ItemGroup>
  <ItemGroup>
    <ClInclude Include="src\CSound.h">
      <Filter>ソース ファイル\Lib</Filter>
    </ClInclude>
    <ClInclude Include="src\CTexture.h">
      <Filter>ソース ファイル\Lib</Filter>
    </ClInclude>
    <ClInclude Include="src\main.h">
      <Filter>ソース ファイル</Filter>
    </ClInclude>
    <ClInclude Include="src\CRectangle.h">
      <Filter>ソース ファイル</Filter>
    </ClInclude>
    <ClInclude Include="src\CInput.h">
      <Filter>ソース ファイル</Filter>
    </ClInclude>
    <ClInclude Include="src\CApplication.h">
      <Filter>ソース ファイル</Filter>
    </ClInclude>
    <ClInclude Include="src\CCharacter.h">
      <Filter>ソース ファイル</Filter>
    </ClInclude>
    <ClInclude Include="src\CBullet.h">
      <Filter>ソース ファイル</Filter>
    </ClInclude>
    <ClInclude Include="src\CEnemy.h">
      <Filter>ソース ファイル</Filter>
    </ClInclude>
    <ClInclude Include="src\CPlayer.h">
      <Filter>ソース ファイル</Filter>
    </ClInclude>
    <ClInclude Include="src\CFont.h">
      <Filter>ソース ファイル</Filter>
    </ClInclude>
    <ClInclude Include="src\CCharacterManager.h">
      <Filter>ソース ファイル</Filter>
    </ClInclude>
    <ClInclude Include="src\CMiss.h">
      <Filter>ソース ファイル</Filter>
    </ClInclude>
    <ClInclude Include="src\CGame.h">
      <Filter>ソース ファイル</Filter>
    </ClInclude>
    <ClInclude Include="src\CBlock.h">
      <Filter>ソース ファイル</Filter>
    </ClInclude>
    <ClInclude Include="src\CPlayer2.h">
      <Filter>ソース ファイル</Filter>
    </ClInclude>
    <ClInclude Include="src\CEnemy2.h">
      <Filter>ソース ファイル</Filter>
    </ClInclude>
    <ClInclude Include="src\CPoint.h">
      <Filter>ソース ファイル</Filter>
    </ClInclude>
    <ClInclude Include="src\CUi.h">
      <Filter>ソース ファイル</Filter>
    </ClInclude>
    <ClInclude Include="src\CCamera.h">
      <Filter>ソース ファイル</Filter>
    </ClInclude>
  </ItemGroup>
</Project>